
Microsoft Visual Studio Solution File, Format Version 12.00
# Visual Studio Version 16
VisualStudioVersion = 16.0.34114.132
MinimumVisualStudioVersion = 10.0.40219.1
Project("{8BC9CEB8-8B4A-11D0-8D11-00A0C91BC942}") = "clib", "clib\clib.vcxproj", "{3120B5FD-03E9-4413-A512-CEF433F1EC2B}"
EndProject
Project("{8BC9CEB8-8B4A-11D0-8D11-00A0C91BC942}") = "common", "common\common.vcxproj", "{55724EFC-A468-4D5A-A9A3-A860188B64A8}"
EndProject
Project("{8BC9CEB8-8B4A-11D0-8D11-00A0C91BC942}") = "common_mysql", "common_mysql\common_mysql.vcxproj", "{1B681FA7-DF2B-42CF-B072-7746FB38E877}"
EndProject
Project("{8BC9CEB8-8B4A-11D0-8D11-00A0C91BC942}") = "log", "log\log.vcxproj", "{CB7FDCD4-C770-4C67-BEDD-E4B9F87CD008}"
EndProject
Project("{8BC9CEB8-8B4A-11D0-8D11-00A0C91BC942}") = "log_collector", "log_collector\log_collector.vcxproj", "{79E5B828-DCF7-40FD-BD44-EF30D19B8475}"
EndProject
Project("{8BC9CEB8-8B4A-11D0-8D11-00A0C91BC942}") = "log_collector_client", "log_collector_client\log_collector_client.vcxproj", "{7CE6F42C-6578-4EF5-A609-44F86B4A8E78}"
EndProject
Global
	GlobalSection(SolutionConfigurationPlatforms) = preSolution
		Debug|x64 = Debug|x64
		Debug|x86 = Debug|x86
		Release|x64 = Release|x64
		Release|x86 = Release|x86
	EndGlobalSection
	GlobalSection(ProjectConfigurationPlatforms) = postSolution
		{3120B5FD-03E9-4413-A512-CEF433F1EC2B}.Debug|x64.ActiveCfg = Debug|x64
		{3120B5FD-03E9-4413-A512-CEF433F1EC2B}.Debug|x64.Build.0 = Debug|x64
		{3120B5FD-03E9-4413-A512-CEF433F1EC2B}.Debug|x86.ActiveCfg = Debug|Win32
		{3120B5FD-03E9-4413-A512-CEF433F1EC2B}.Debug|x86.Build.0 = Debug|Win32
		{3120B5FD-03E9-4413-A512-CEF433F1EC2B}.Release|x64.ActiveCfg = Release|x64
		{3120B5FD-03E9-4413-A512-CEF433F1EC2B}.Release|x64.Build.0 = Release|x64
		{3120B5FD-03E9-4413-A512-CEF433F1EC2B}.Release|x86.ActiveCfg = Release|Win32
		{3120B5FD-03E9-4413-A512-CEF433F1EC2B}.Release|x86.Build.0 = Release|Win32
		{55724EFC-A468-4D5A-A9A3-A860188B64A8}.Debug|x64.ActiveCfg = Debug|x64
		{55724EFC-A468-4D5A-A9A3-A860188B64A8}.Debug|x64.Build.0 = Debug|x64
		{55724EFC-A468-4D5A-A9A3-A860188B64A8}.Debug|x86.ActiveCfg = Debug|Win32
		{55724EFC-A468-4D5A-A9A3-A860188B64A8}.Debug|x86.Build.0 = Debug|Win32
		{55724EFC-A468-4D5A-A9A3-A860188B64A8}.Release|x64.ActiveCfg = Release|x64
		{55724EFC-A468-4D5A-A9A3-A860188B64A8}.Release|x64.Build.0 = Release|x64
		{55724EFC-A468-4D5A-A9A3-A860188B64A8}.Release|x86.ActiveCfg = Release|Win32
		{55724EFC-A468-4D5A-A9A3-A860188B64A8}.Release|x86.Build.0 = Release|Win32
		{1B681FA7-DF2B-42CF-B072-7746FB38E877}.Debug|x64.ActiveCfg = Debug|x64
		{1B681FA7-DF2B-42CF-B072-7746FB38E877}.Debug|x64.Build.0 = Debug|x64
		{1B681FA7-DF2B-42CF-B072-7746FB38E877}.Debug|x86.ActiveCfg = Debug|Win32
		{1B681FA7-DF2B-42CF-B072-7746FB38E877}.Debug|x86.Build.0 = Debug|Win32
		{1B681FA7-DF2B-42CF-B072-7746FB38E877}.Release|x64.ActiveCfg = Release|x64
		{1B681FA7-DF2B-42CF-B072-7746FB38E877}.Release|x64.Build.0 = Release|x64
		{1B681FA7-DF2B-42CF-B072-7746FB38E877}.Release|x86.ActiveCfg = Release|Win32
		{1B681FA7-DF2B-42CF-B072-7746FB38E877}.Release|x86.Build.0 = Release|Win32
		{CB7FDCD4-C770-4C67-BEDD-E4B9F87CD008}.Debug|x64.ActiveCfg = Debug|x64
		{CB7FDCD4-C770-4C67-BEDD-E4B9F87CD008}.Debug|x64.Build.0 = Debug|x64
		{CB7FDCD4-C770-4C67-BEDD-E4B9F87CD008}.Debug|x86.ActiveCfg = Debug|Win32
		{CB7FDCD4-C770-4C67-BEDD-E4B9F87CD008}.Debug|x86.Build.0 = Debug|Win32
		{CB7FDCD4-C770-4C67-BEDD-E4B9F87CD008}.Release|x64.ActiveCfg = Release|x64
		{CB7FDCD4-C770-4C67-BEDD-E4B9F87CD008}.Release|x64.Build.0 = Release|x64
		{CB7FDCD4-C770-4C67-BEDD-E4B9F87CD008}.Release|x86.ActiveCfg = Release|Win32
		{CB7FDCD4-C770-4C67-BEDD-E4B9F87CD008}.Release|x86.Build.0 = Release|Win32
		{79E5B828-DCF7-40FD-BD44-EF30D19B8475}.Debug|x64.ActiveCfg = Debug|x64
		{79E5B828-DCF7-40FD-BD44-EF30D19B8475}.Debug|x64.Build.0 = Debug|x64
		{79E5B828-DCF7-40FD-BD44-EF30D19B8475}.Debug|x86.ActiveCfg = Debug|Win32
		{79E5B828-DCF7-40FD-BD44-EF30D19B8475}.Debug|x86.Build.0 = Debug|Win32
		{79E5B828-DCF7-40FD-BD44-EF30D19B8475}.Release|x64.ActiveCfg = Release|x64
		{79E5B828-DCF7-40FD-BD44-EF30D19B8475}.Release|x64.Build.0 = Release|x64
		{79E5B828-DCF7-40FD-BD44-EF30D19B8475}.Release|x86.ActiveCfg = Release|Win32
		{79E5B828-DCF7-40FD-BD44-EF30D19B8475}.Release|x86.Build.0 = Release|Win32
		{7CE6F42C-6578-4EF5-A609-44F86B4A8E78}.Debug|x64.ActiveCfg = Debug|x64
		{7CE6F42C-6578-4EF5-A609-44F86B4A8E78}.Debug|x64.Build.0 = Debug|x64
		{7CE6F42C-6578-4EF5-A609-44F86B4A8E78}.Debug|x86.ActiveCfg = Debug|Win32
		{7CE6F42C-6578-4EF5-A609-44F86B4A8E78}.Debug|x86.Build.0 = Debug|Win32
		{7CE6F42C-6578-4EF5-A609-44F86B4A8E78}.Release|x64.ActiveCfg = Release|x64
		{7CE6F42C-6578-4EF5-A609-44F86B4A8E78}.Release|x64.Build.0 = Release|x64
		{7CE6F42C-6578-4EF5-A609-44F86B4A8E78}.Release|x86.ActiveCfg = Release|Win32
		{7CE6F42C-6578-4EF5-A609-44F86B4A8E78}.Release|x86.Build.0 = Release|Win32
	EndGlobalSection
	GlobalSection(SolutionProperties) = preSolution
		HideSolutionNode = FALSE
	EndGlobalSection
	GlobalSection(ExtensibilityGlobals) = postSolution
		SolutionGuid = {273CDE17-3B66-4A4D-A084-8E243C3CBC9B}
	EndGlobalSection
EndGlobal
